{
  "name": "latex-paper-notes",
  "version": "0.4.1",
  "lockfileVersion": 3,
  "requires": true,
  "packages": {
    "": {
      "name": "latex-paper-notes",
      "version": "0.4.1",
      "license": "MIT",
      "dependencies": {
        "@vscode/codicons": "^0.0.36",
        "katex": "^0.16.22",
        "markdown-it": "^14.1.0",
        "pdfjs-dist": "^5.4.149"
      },
      "devDependencies": {
        "@types/katex": "^0.16.8",
        "@types/markdown-it": "^14.1.2",
        "@types/node": "^24.0.0",
        "@types/vscode": "^1.114.0",
        "@vscode/test-electron": "^2.5.2",
        "@vscode/vsce": "^3.6.1",
        "adm-zip": "^0.5.16",
        "esbuild": "^0.25.0",
        "pdf-lib": "^1.17.1",
        "tsx": "^4.20.0",
        "typescript": "^5.9.0"
      },
      "engines": {
        "vscode": "^1.114.0"
      }
    },
    "node_modules/@azu/format-text": {
      "version": "1.0.2",
      "resolved": "https://registry.npmmirror.com/@azu/format-text/-/format-text-1.0.2.tgz",
      "integrity": "sha512-Swi4N7Edy1Eqq82GxgEECXSSLyn6GOb5htRFPzBDdUkECGXtlf12ynO5oJSpWKPwCaUssOu7NfhDcCWpIC6Ywg==",
      "dev": true,
      "license": "BSD-3-Clause"
    },
    "node_modules/@azu/style-format": {
      "version": "1.0.1",
      "resolved": "https://registry.npmmirror.com/@azu/style-format/-/style-format-1.0.1.tgz",
      "integrity": "sha512-AHcTojlNBdD/3/KxIKlg8sxIWHfOtQszLvOpagLTO+bjC3u7SAszu1lf//u7JJC50aUSH+BVWDD/KvaA6Gfn5g==",
      "dev": true,
      "license": "WTFPL",
      "dependencies": {
        "@azu/format-text": "^1.0.1"
      }
    },
    "node_modules/@azure/abort-controller": {
      "version": "2.2.0",
      "resolved": "https://registry.npmmirror.com/@azure/abort-controller/-/abort-controller-2.2.0.tgz",
      "integrity": "sha512-fNAjWnA/nZ2jz31kxR/AqRaUT8ewHBw/WuBIosK0moMy1C9e5ValbDfFdIxJzVOOYaYkV/b2F1S4H/aHiqfVQg==",
      "dev": true,
      "license": "MIT",
      "dependencies": {
        "tslib": "^2.6.2"
      },
      "engines": {
        "node": ">=22.0.0"
      }
    },
    "node_modules/@azure/core-auth": {
      "version": "1.11.0",
      "resolved": "https://registry.npmmirror.com/@azure/core-auth/-/core-auth-1.11.0.tgz",
      "integrity": "sha512-IUZydyTUkDnYdstOW9pFOOUQlBjAepK5teihDE3x6yxsPJs/hsAaaYpeGxdxrgtOiJbBKSjKW7MDk7AEhb4LRg==",
      "dev": true,
      "license": "MIT",
      "dependencies": {
        "@azure/abort-controller": "^2.1.2",
        "@azure/core-util": "^1.13.0",
        "tslib": "^2.6.2"
      },
      "engines": {
        "node": ">=22.0.0"
      }
    },
    "node_modules/@azure/core-client": {
      "version": "1.11.0",
      "resolved": "https://registry.npmmirror.com/@azure/core-client/-/core-client-1.11.0.tgz",
      "integrity": "sha512-JjQWO6akOck45PH/XBrxzsQGAiKrfFl4m5iggJ0ItMIz5omRufOXWpqCPpdjKN3vKDzlSUvFjaMb7Zwf0gvAdA==",
      "dev": true,
      "license": "MIT",
      "dependencies": {
        "@azure/abort-controller": "^2.1.2",
        "@azure/core-auth": "^1.10.0",
        "@azure/core-rest-pipeline": "^1.22.0",
        "@azure/core-tracing": "^1.3.0",
        "@azure/core-util": "^1.13.0",
        "@azure/logger": "^1.3.0",
        "tslib": "^2.6.2"
      },
      "engines": {
        "node": ">=22.0.0"
      }
    },
    "node_modules/@azure/core-rest-pipeline": {
      "version": "1.25.0",
      "resolved": "https://registry.npmmirror.com/@azure/core-rest-pipeline/-/core-rest-pipeline-1.25.0.tgz",
      "integrity": "sha512-bMs8ekJLjX8wPV+9IPBges1SLPyuDtE9g5gLDWOpxzKcoOFQnpLGkbcT1tdw3FaAmDS1gnPmMmJ6y/T5B96kIA==",
      "dev": true,
      "license": "MIT",
      "dependencies": {
        "@azure/abort-controller": "^2.1.2",
        "@azure/core-auth": "^1.10.0",
        "@azure/core-tracing": "^1.3.0",
        "@azure/core-util": "^1.13.0",
        "@azure/logger": "^1.3.0",
        "@typespec/ts-http-runtime": "^0.3.4",
        "tslib": "^2.6.2"
      },
      "engines": {
        "node": ">=22.0.0"
      }
    },
    "node_modules/@azure/core-tracing": {
      "version": "1.4.0",
      "resolved": "https://registry.npmmirror.com/@azure/core-tracing/-/core-tracing-1.4.0.tgz",
      "integrity": "sha512-eGwxD0AtncrxeBM4tG8R55Pc3rdX1hNW2WibJAgYpCVA6E93mvvVH+LcssoVjOBrSKWS55yEIHsk0X8ctHmfOQ==",
      "dev": true,
      "license": "MIT",
      "dependencies": {
        "tslib": "^2.6.2"
      },
      "engines": {
        "node": ">=22.0.0"
      }
    },
    "node_modules/@azure/core-util": {
      "version": "1.14.0",
      "resolved": "https://registry.npmmirror.com/@azure/core-util/-/core-util-1.14.0.tgz",
      "integrity": "sha512-9n2pWK61veAuN0V20t9lOuoV4CFMdyAZ1ygZzvBGk/pBBJRib/PjL9PLXa/aI2CcPpyHfqVsxxqLCYl6uZlfDw==",
      "dev": true,
      "license": "MIT",
      "dependencies": {
        "@azure/abort-controller": "^2.1.2",
        "@typespec/ts-http-runtime": "^0.3.0",
        "tslib": "^2.6.2"
      },
      "engines": {
        "node": ">=22.0.0"
      }
    },
    "node_modules/@azure/identity": {
      "version": "4.13.1",
      "resolved": "https://registry.npmmirror.com/@azure/identity/-/identity-4.13.1.tgz",
      "integrity": "sha512-5C/2WD5Vb1lHnZS16dNQRPMjN6oV/Upba+C9nBIs15PmOi6A3ZGs4Lr2u60zw4S04gi+u3cEXiqTVP7M4Pz3kw==",
      "dev": true,
      "license": "MIT",
      "dependencies": {
        "@azure/abort-controller": "^2.0.0",
        "@azure/core-auth": "^1.9.0",
        "@azure/core-client": "^1.9.2",
        "@azure/core-rest-pipeline": "^1.17.0",
        "@azure/core-tracing": "^1.0.0",
        "@azure/core-util": "^1.11.0",
        "@azure/logger": "^1.0.0",
        "@azure/msal-browser": "^5.5.0",
        "@azure/msal-node": "^5.1.0",
        "open": "^10.1.0",
        "tslib": "^2.2.0"
      },
      "engines": {
        "node": ">=20.0.0"
      }
    },
    "node_modules/@azure/logger": {
      "version": "1.4.0",
      "resolved": "https://registry.npmmirror.com/@azure/logger/-/logger-1.4.0.tgz",
      "integrity": "sha512-rbAE25KUfjU/s3XHUdJgceoCP5dEOpMx85J04kF+QMdta73XkuG9JGHHinch+XIoKpBdqljin+KqURpJriSzLA==",
      "dev": true,
      "license": "MIT",
      "dependencies": {
        "@typespec/ts-http-runtime": "^0.3.0",
        "tslib": "^2.6.2"
      },
      "engines": {
        "node": ">=22.0.0"
      }
    },
    "node_modules/@azure/msal-browser": {
      "version": "5.17.3",
      "resolved": "https://registry.npmmirror.com/@azure/msal-browser/-/msal-browser-5.17.3.tgz",
      "integrity": "sha512-qMabD7Xrm/UgRhs+/IVyCTZRjUl8Qb+uGsRrCkaKNWsiTwRaeyStJbChE7/ySNTNYtiWo7khfF7vUDd0wGMnLw==",
      "dev": true,
      "license": "MIT",
      "dependencies": {
        "@azure/msal-common": "16.11.3"
      },
      "engines": {
        "node": ">=0.8.0"
      }
    },
    "node_modules/@azure/msal-common": {
      "version": "16.11.3",
      "resolved": "https://registry.npmmirror.com/@azure/msal-common/-/msal-common-16.11.3.tgz",
      "integrity": "sha512-VeXOW+t3Rdd9XGX6lVyIg3DhtjMR1JD8ARKcsnGbJFUWwAmF3sHL7GwZc/ZjEUfHESResAonETRYCuG06OBT7A==",
      "dev": true,
      "license": "MIT",
      "engines": {
        "node": ">=0.8.0"
      }
    },
    "node_modules/@azure/msal-node": {
      "version": "5.4.3",
      "resolved": "https://registry.npmmirror.com/@azure/msal-node/-/msal-node-5.4.3.tgz",
      "integrity": "sha512-tumCMmzrRhKmTbYQg/7OlfbrIKcKaf8Ed0Fw3suUpRT3owFYljznVgxcfHe8RycQXY9uyROGiLD1GjhpF45AwA==",
      "dev": true,
      "license": "MIT",
      "dependencies": {
        "@azure/msal-common": "16.11.3",
        "jsonwebtoken": "^9.0.0"
      },
      "engines": {
        "node": ">=20"
      }
    },
    "node_modules/@babel/code-frame": {
      "version": "7.29.7",
      "resolved": "https://registry.npmmirror.com/@babel/code-frame/-/code-frame-7.29.7.tgz",
      "integrity": "sha512-Aup7aUOfpbAUg2ROOJN6Iw5f9DMBlzu0mIkm/malLQFN/YQgO48wCj0Kxa3sEHJvPVFg7siR+qRInwXd2qhQKw==",
      "dev": true,
      "license": "MIT",
      "dependencies": {
        "@babel/helper-validator-identifier": "^7.29.7",
        "js-tokens": "^4.0.0",
        "picocolors": "^1.1.1"
      },
      "engines": {
        "node": ">=6.9.0"
      }
    },
    "node_modules/@babel/helper-validator-identifier": {
      "version": "7.29.7",
      "resolved": "https://registry.npmmirror.com/@babel/helper-validator-identifier/-/helper-validator-identifier-7.29.7.tgz",
      "integrity": "sha512-qehxGkRj55h/ff8EMaJ+cYhyaKlHIxqYDn682wQD7RNp9UujOQsHog2uS0r2vzr4pW+sXf90NeeayjcNaX3fFg==",
      "dev": true,
      "license": "MIT",
      "engines": {
        "node": ">=6.9.0"
      }
    },
    "node_modules/@esbuild/aix-ppc64": {
      "version": "0.25.12",
      "resolved": "https://registry.npmmirror.com/@esbuild/aix-ppc64/-/aix-ppc64-0.25.12.tgz",
      "integrity": "sha512-Hhmwd6CInZ3dwpuGTF8fJG6yoWmsToE+vYgD4nytZVxcu1ulHpUQRAB1UJ8+N1Am3Mz4+xOByoQoSZf4D+CpkA==",
      "cpu": [
        "ppc64"
      ],
      "dev": true,
      "license": "MIT",
      "optional": true,
      "os": [
        "aix"
      ],
      "engines": {
        "node": ">=18"
      }
    },
    "node_modules/@esbuild/android-arm": {
      "version": "0.25.12",
      "resolved": "https://registry.npmmirror.com/@esbuild/android-arm/-/android-arm-0.25.12.tgz",
      "integrity": "sha512-VJ+sKvNA/GE7Ccacc9Cha7bpS8nyzVv0jdVgwNDaR4gDMC/2TTRc33Ip8qrNYUcpkOHUT5OZ0bUcNNVZQ9RLlg==",
      "cpu": [
        "arm"
      ],
      "dev": true,
      "license": "MIT",
      "optional": true,
      "os": [
        "android"
      ],
      "engines": {
        "node": ">=18"
      }
    },
    "node_modules/@esbuild/android-arm64": {
      "version": "0.25.12",
      "resolved": "https://registry.npmmirror.com/@esbuild/android-arm64/-/android-arm64-0.25.12.tgz",
      "integrity": "sha512-6AAmLG7zwD1Z159jCKPvAxZd4y/VTO0VkprYy+3N2FtJ8+BQWFXU+OxARIwA46c5tdD9SsKGZ/1ocqBS/gAKHg==",
      "cpu": [
        "arm64"
      ],
      "dev": true,
      "license": "MIT",
      "optional": true,
      "os": [
        "android"
      ],
      "engines": {
        "node": ">=18"
      }
    },
    "node_modules/@esbuild/android-x64": {
      "version": "0.25.12",
      "resolved": "https://registry.npmmirror.com/@esbuild/android-x64/-/android-x64-0.25.12.tgz",
      "integrity": "sha512-5jbb+2hhDHx5phYR2By8GTWEzn6I9UqR11Kwf22iKbNpYrsmRB18aX/9ivc5cabcUiAT/wM+YIZ6SG9QO6a8kg==",
      "cpu": [
        "x64"
      ],
      "dev": true,
      "license": "MIT",
      "optional": true,
      "os": [
        "android"
      ],
      "engines": {
        "node": ">=18"
      }
    },
    "node_modules/@esbuild/darwin-arm64": {
      "version": "0.25.12",
      "resolved": "https://registry.npmmirror.com/@esbuild/darwin-arm64/-/darwin-arm64-0.25.12.tgz",
      "integrity": "sha512-N3zl+lxHCifgIlcMUP5016ESkeQjLj/959RxxNYIthIg+CQHInujFuXeWbWMgnTo4cp5XVHqFPmpyu9J65C1Yg==",
      "cpu": [
        "arm64"
      ],
      "dev": true,
      "license": "MIT",
      "optional": true,
      "os": [
        "darwin"
      ],
      "engines": {
        "node": ">=18"
      }
    },
    "node_modules/@esbuild/darwin-x64": {
      "version": "0.25.12",
      "resolved": "https://registry.npmmirror.com/@esbuild/darwin-x64/-/darwin-x64-0.25.12.tgz",
      "integrity": "sha512-HQ9ka4Kx21qHXwtlTUVbKJOAnmG1ipXhdWTmNXiPzPfWKpXqASVcWdnf2bnL73wgjNrFXAa3yYvBSd9pzfEIpA==",
      "cpu": [
        "x64"
      ],
      "dev": true,
      "license": "MIT",
      "optional": true,
      "os": [
        "darwin"
      ],
      "engines": {
        "node": ">=18"
      }
    },
    "node_modules/@esbuild/freebsd-arm64": {
      "version": "0.25.12",
      "resolved": "https://registry.npmmirror.com/@esbuild/freebsd-arm64/-/freebsd-arm64-0.25.12.tgz",
      "integrity": "sha512-gA0Bx759+7Jve03K1S0vkOu5Lg/85dou3EseOGUes8flVOGxbhDDh/iZaoek11Y8mtyKPGF3vP8XhnkDEAmzeg==",
      "cpu": [
        "arm64"
      ],
      "dev": true,
      "license": "MIT",
      "optional": true,
      "os": [
        "freebsd"
      ],
      "engines": {
        "node": ">=18"
      }
    },
    "node_modules/@esbuild/freebsd-x64": {
      "version": "0.25.12",
      "resolved": "https://registry.npmmirror.com/@esbuild/freebsd-x64/-/freebsd-x64-0.25.12.tgz",
      "integrity": "sha512-TGbO26Yw2xsHzxtbVFGEXBFH0FRAP7gtcPE7P5yP7wGy7cXK2oO7RyOhL5NLiqTlBh47XhmIUXuGciXEqYFfBQ==",
      "cpu": [
        "x64"
      ],
      "dev": true,
      "license": "MIT",
      "optional": true,
      "os": [
        "freebsd"
      ],
      "engines": {
        "node": ">=18"
      }
    },
    "node_modules/@esbuild/linux-arm": {
      "version": "0.25.12",
      "resolved": "https://registry.npmmirror.com/@esbuild/linux-arm/-/linux-arm-0.25.12.tgz",
      "integrity": "sha512-lPDGyC1JPDou8kGcywY0YILzWlhhnRjdof3UlcoqYmS9El818LLfJJc3PXXgZHrHCAKs/Z2SeZtDJr5MrkxtOw==",
      "cpu": [
        "arm"
      ],
      "dev": true,
      "license": "MIT",
      "optional": true,
      "os": [
        "linux"
      ],
      "engines": {
        "node": ">=18"
      }
    },
    "node_modules/@esbuild/linux-arm64": {
      "version": "0.25.12",
      "resolved": "https://registry.npmmirror.com/@esbuild/linux-arm64/-/linux-arm64-0.25.12.tgz",
      "integrity": "sha512-8bwX7a8FghIgrupcxb4aUmYDLp8pX06rGh5HqDT7bB+8Rdells6mHvrFHHW2JAOPZUbnjUpKTLg6ECyzvas2AQ==",
      "cpu": [
        "arm64"
      ],
      "dev": true,
      "license": "MIT",
      "optional": true,
      "os": [
        "linux"
      ],
      "engines": {
        "node": ">=18"
      }
    },
    "node_modules/@esbuild/linux-ia32": {
      "version": "0.25.12",
      "resolved": "https://registry.npmmirror.com/@esbuild/linux-ia32/-/linux-ia32-0.25.12.tgz",
      "integrity": "sha512-0y9KrdVnbMM2/vG8KfU0byhUN+EFCny9+8g202gYqSSVMonbsCfLjUO+rCci7pM0WBEtz+oK/PIwHkzxkyharA==",
      "cpu": [
        "ia32"
      ],
      "dev": true,
      "license": "MIT",
      "optional": true,
      "os": [
        "linux"
      ],
      "engines": {
        "node": ">=18"
      }
    },
    "node_modules/@esbuild/linux-loong64": {
      "version": "0.25.12",
      "resolved": "https://registry.npmmirror.com/@esbuild/linux-loong64/-/linux-loong64-0.25.12.tgz",
      "integrity": "sha512-h///Lr5a9rib/v1GGqXVGzjL4TMvVTv+s1DPoxQdz7l/AYv6LDSxdIwzxkrPW438oUXiDtwM10o9PmwS/6Z0Ng==",
      "cpu": [
        "loong64"
      ],
      "dev": true,
      "license": "MIT",
      "optional": true,
      "os": [
        "linux"
      ],
      "engines": {
        "node": ">=18"
      }
    },
    "node_modules/@esbuild/linux-mips64el": {
      "version": "0.25.12",
      "resolved": "https://registry.npmmç®tÖÚ$z{-®éÜj×Ð¢'&W6öÇfVB#¢&‡GG3¢ò÷&Vv—7G'’æçÖÖ—'&÷"æ6öÒôW6'V–ÆBö÷Væ'6BÖ&ÓcBòÒö÷Væ'6BÖ&ÓcBÓã#‚ãçFw¢"ÀÐ¢&–çFVw&—G’#¢'6†S"ÔÔTd¦ST35#‡u†E£U“#öófÓvU•3C—wV6ã“”ò÷wg”¥¤6†ô•·%G„·$vUs„cRµCöµD†W4ÔFV”„ED—bõÓÒ"ÀÐ¢&7R#¢°Ð¢&&ÓcB Ð¢ÒÀÐ¢&FWb#¢G'VRÀÐ¢&Æ–6Vç6R#¢$Ô•B"ÀÐ¢&÷F–öæÂ#¢G'VRÀÐ¢&÷2#¢°Ð¢&÷Væ'6B Ð¢ÒÀÐ¢&Væv–æW2#¢°Ð¢&æöFR#¢#ãÓ‚ Ð¢ÐÐ¢ÒÀÐ¢&æöFUöÖöGVÆW2÷G7‚öæöFUöÖöGVÆW2ôW6'V–ÆBö÷Væ'6B×ƒcB#¢°Ð¢'fW'6–öâ#¢#ã#‚ã"ÀÐ¢'&W6öÇfVB#¢&‡GG3¢ò÷&Vv—7G'’æçÖÖ—'&÷"æ6öÒôW6'V–ÆBö÷Væ'6B×ƒcBòÒö÷Væ'6B×ƒcBÓã#‚ãçFw¢"ÀÐ¢&–çFVw&—G’#¢'6†S"Ö’õ¤Ä”ödS£†4’õ„ä¤—†ô¤Â÷U$õ3'„ô7&#„â´´³³sv4Ô5–·¤‡D''DÕ„·T3t„vv5v•¢÷5$3ç†wsÓÒ"ÀÐ¢&7R#¢°Ð¢'ƒcB Ð¢ÒÀÐ¢&FWb#¢G'VRÀÐ¢&Æ–6Vç6R#¢$Ô•B"ÀÐ¢&÷F–öæÂ#¢G'VRÀÐ¢&÷2#¢°Ð¢&÷Væ'6B Ð¢ÒÀÐ¢&Væv–æW2#¢°Ð¢&æöFR#¢#ãÓ‚ Ð¢ÐÐ¢ÒÀÐ¢&æöFUöÖöGVÆW2÷G7‚öæöFUöÖöGVÆW2ôW6'V–ÆBö÷Væ†&Ööç’Ö&ÓcB#¢°Ð¢'fW'6–öâ#¢#ã#‚ã"ÀÐ¢'&W6öÇfVB#¢&‡GG3¢ò÷&Vv—7G'’æçÖÖ—'&÷"æ6öÒôW6'V–ÆBö÷Væ†&Ööç’Ö&ÓcBòÒö÷Væ†&Ööç’Ö&ÓcBÓã#‚ãçFw¢"ÀÐ¢&–çFVw&—G’#¢'6†S"ÖvRµ£tU„dçC$$óô×5g•„WvæEc–“…†W$UD”³tE36$´e…ÓvæÅ'„E4•T”ÖWVU#4å‡‡§DÇ¦DæU&T´$¦sÓÒ"ÀÐ¢&7R#¢°Ð¢&&ÓcB Ð¢ÒÀÐ¢&FWb#¢G'VRÀÐ¢&Æ–6Vç6R#¢$Ô•B"ÀÐ¢&÷F–öæÂ#¢G'VRÀÐ¢&÷2#¢°Ð¢&÷Væ†&Ööç’ Ð¢ÒÀÐ¢&Væv–æW2#¢°Ð¢&æöFR#¢#ãÓ‚ Ð¢ÐÐ¢ÒÀÐ¢&æöFUöÖöGVÆW2÷G7‚öæöFUöÖöGVÆW2ôW6'V–ÆB÷7Væ÷2×ƒcB#¢°Ð¢'fW'6–öâ#¢#ã#‚ã"ÀÐ¢'&W6öÇfVB#¢&‡GG3¢ò÷&Vv—7G'’æçÖÖ—'&÷"æ6öÒôW6'V–ÆB÷7Væ÷2×ƒcBòÒ÷7Væ÷2×ƒcBÓã#‚ãçFw¢"ÀÐ¢&–çFVw&—G’#¢'6†S"Ô$V¦wDT6´Ã7e’µ65fç¥ff”ÅVTg‡w—„¦ÖcUE–†cVsCã‚ö‡†Æ‡G2¶cge7f$V–vG…34&Å4Ô“%¤Æ5ÓÒ"ÀÐ¢&7R#¢°Ð¢'ƒcB Ð¢ÒÀÐ¢&FWb#¢G'VRÀÐ¢&Æ–6Vç6R#¢$Ô•B"ÀÐ¢&÷F–öæÂ#¢G'VRÀÐ¢&÷2#¢°Ð¢'7Væ÷2 Ð¢ÒÀÐ¢&Væv–æW2#¢°Ð¢&æöFR#¢#ãÓ‚ Ð¢ÐÐ¢ÒÀÐ¢&æöFUöÖöGVÆW2÷G7‚öæöFUöÖöGVÆW2ôW6'V–ÆB÷v–ã3"Ö&ÓcB#¢°Ð¢'fW'6–öâ#¢#ã#‚ã"ÀÐ¢'&W6öÇfVB#¢&‡GG3¢ò÷&Vv—7G'’æçÖÖ—'&÷"æ6öÒôW6'V–ÆB÷v–ã3"Ö&ÓcBòÒ÷v–ã3"Ö&ÓcBÓã#‚ãçFw¢"ÀÐ¢&–çFVw&—G’#¢'6†S"ÖÄ7c–T²ôƒe¤¥v$Sv&ƒ&çsSD5£”Ó&çW'„¦5G6F²õåv¶E6¤´wW†ÖÔƒ‚ôuw&ÅCTÖÕ¦fãFDv46¥'FS3“uwe„ÓÒ"ÀÐ¢&7R#¢°Ð¢&&ÓcB Ð¢ÒÀÐ¢&FWb#¢G'VRÀÐ¢&Æ–6Vç6R#¢$Ô•B"ÀÐ¢&÷F–öæÂ#¢G'VRÀÐ¢&÷2#¢°Ð¢'v–ã3" Ð¢ÒÀÐ¢&Væv–æW2#¢°Ð¢&æöFR#¢#ãÓ‚ Ð¢ÐÐ¢ÒÀÐ¢&æöFUöÖöGVÆW2÷G7‚öæöFUöÖöGVÆW2ôW6'V–ÆB÷v–ã3"Ö–3"#¢°Ð¢'fW'6–öâ#¢#ã#‚ã"ÀÐ¢'&W6öÇfVB#¢&‡GG3¢ò÷&Vv—7G'’æçÖÖ—'&÷"æ6öÒôW6'V–ÆB÷v–ã3"Ö–3"òÒ÷v–ã3"Ö–3"Óã#‚ãçFw¢"ÀÐ¢&–çFVw&—G’#¢'6†S"×§f"öÔ#&%46ô¤÷ô4&u”´·ƒe”ÓfÔ¤&Ä%UeWEf£CFÅ¤¥dT#bó4¶Å%—…WuvÃ3”Æ”6ôSWu¥£G7U3dVsÓÒ"ÀÐ¢&7R#¢°Ð¢&–3" Ð¢ÒÀÐ¢&FWb#¢G'VRÀÐ¢&Æ–6Vç6R#¢$Ô•B"ÀÐ¢&÷F–öæÂ#¢G'VRÀÐ¢&÷2#¢°Ð¢'v–ã3" Ð¢ÒÀÐ¢&Væv–æW2#¢°Ð¢&æöFR#¢#ãÓ‚ Ð¢ÐÐ¢ÒÀÐ¢&æöFUöÖöGVÆW2÷G7‚öæöFUöÖöGVÆW2ôW6'V–ÆB÷v–ã3"×ƒcB#¢°Ð¢'fW'6–öâ#¢#ã#‚ã"ÀÐ¢'&W6öÇfVB#¢&‡GG3¢ò÷&Vv—7G'’æçÖÖ—'&÷"æ6öÒôW6'V–ÆB÷v–ã3"×ƒcBòÒ÷v–ã3"×ƒcBÓã#‚ãçFw¢"ÀÐ¢&–çFVw&—G’#¢'6†S"Ö&ÓDÖ÷w'b´u„ÖÇu‚²´V5‡rö”Ç–Có2¶$¦´3$Fµu…•gfu¤7Bö%6£–7E¦TÔ364—†v¥%e#$GVf—SE•‡#VusÓÒ"ÀÐ¢&7R#¢°Ð¢'ƒcB Ð¢ÒÀÐ¢&FWb#¢G'VRÀÐ¢&Æ–6Vç6R#¢$Ô•B"ÀÐ¢&÷F–öæÂ#¢G'VRÀÐ¢&÷2#¢°Ð¢'v–ã3" Ð¢ÒÀÐ¢&Væv–æW2#¢°Ð¢&æöFR#¢#ãÓ‚ Ð¢ÐÐ¢ÒÀÐ¢&æöFUöÖöGVÆW2÷G7‚öæöFUöÖöGVÆW2öW6'V–ÆB#¢°Ð¢'fW'6–öâ#¢#ã#‚ã"ÀÐ¢'&W6öÇfVB#¢&‡GG3¢ò÷&Vv—7G'’æçÖÖ—'&÷"æ6öÒöW6'V–ÆBòÒöW6'V–ÆBÓã#‚ãçFw¢"ÀÐ¢&–çFVw&—G’#¢'6†S"Ô‡$§'e§cV—„'¥gw„öôç¦·¤ô”–Æ–g¦³´§$t³&3…#B´Ä·×G”ÅUVF¦çv¥wbôÅ¦Æ´ƒ&Æ¦²³Gss‡““”CEgsÓÒ"ÀÐ¢&FWb#¢G'VRÀÐ¢&†4–ç7FÆÅ67&—B#¢G'VRÀÐ¢&Æ–6Vç6R#¢$Ô•B"ÀÐ¢&&–â#¢°Ð¢&W6'V–ÆB#¢&&–âöW6'V–ÆB Ð¢ÒÀÐ¢&Væv–æW2#¢°Ð¢&æöFR#¢#ãÓ‚ Ð¢ÒÀÐ¢&÷F–öæÄFWVæFVæ6–W2#¢°Ð¢$W6'V–ÆBö—‚×3cB#¢#ã#‚ã"ÀÐ¢$W6'V–ÆBöæG&ö–BÖ&Ò#¢#ã#‚ã"ÀÐ¢$W6'V–ÆBöæG&ö–BÖ&ÓcB#¢#ã#‚ã"ÀÐ¢$W6'V–ÆBöæG&ö–B×ƒcB#¢#ã#‚ã"ÀÐ¢$W6'V–ÆBöF'v–âÖ&ÓcB#¢#ã#‚ã"ÀÐ¢$W6'V–ÆBöF'v–â×ƒcB#¢#ã#‚ã"ÀÐ¢$W6'V–ÆBög&VV'6BÖ&ÓcB#¢#ã#‚ã"ÀÐ¢$W6'V–ÆBög&VV'6B×ƒcB#¢#ã#‚ã"ÀÐ¢$W6'V–ÆBöÆ–çW‚Ö&Ò#¢#ã#‚ã"ÀÐ¢$W6'V–ÆBöÆ–çW‚Ö&ÓcB#¢#ã#‚ã"ÀÐ¢$W6'V–ÆBöÆ–çW‚Ö–3"#¢#ã#‚ã"ÀÐ¢$W6'V–ÆBöÆ–çW‚ÖÆööæscB#¢#ã#‚ã"ÀÐ¢$W6'V–ÆBöÆ–çW‚ÖÖ—3cFVÂ#¢#ã#‚ã"ÀÐ¢$W6'V–ÆBöÆ–çW‚×3cB#¢#ã#‚ã"ÀÐ¢$W6'V–ÆBöÆ–çW‚×&—67ccB#¢#ã#‚ã"ÀÐ¢$W6'V–ÆBöÆ–çW‚×33“‚#¢#ã#‚ã"ÀÐ¢$W6'V–ÆBöÆ–çW‚×ƒcB#¢#ã#‚ã"ÀÐ¢$W6'V–ÆBöæWF'6BÖ&ÓcB#¢#ã#‚ã"ÀÐ¢$W6'V–ÆBöæWF'6B×ƒcB#¢#ã#‚ã"ÀÐ¢$W6'V–ÆBö÷Væ'6BÖ&ÓcB#¢#ã#‚ã"ÀÐ¢$W6'V–ÆBö÷Væ'6B×ƒcB#¢#ã#‚ã"ÀÐ¢$W6'V–ÆBö÷Væ†&Ööç’Ö&ÓcB#¢#ã#‚ã"ÀÐ¢$W6'V–ÆB÷7Væ÷2×ƒcB#¢#ã#‚ã"ÀÐ¢$W6'V–ÆB÷v–ã3"Ö&ÓcB#¢#ã#‚ã"ÀÐ¢$W6'V–ÆB÷v–ã3"Ö–3"#¢#ã#‚ã"ÀÐ¢$W6'V–ÆB÷v–ã3"×ƒcB#¢#ã#‚ã Ð¢ÐÐ¢ÒÀÐ¢&æöFUöÖöGVÆW2÷GVææVÂ#¢°Ð¢'fW'6–öâ#¢#ããb"ÀÐ¢'&W6öÇfVB#¢&‡GG3¢ò÷&Vv—7G'’æçÖÖ—'&÷"æ6öÒ÷GVææVÂòÒ÷GVææVÂÓããbçFw¢"ÀÐ¢&–çFVw&—G’#¢'6†S"Ó‚ôÆç—–¤µ“%V$&E†£5g‡4DGSƒCDöæóS%UfÔ—¤—gwwD%—Tçf¶§W¤&ÅEwd§•V$s6W£µ4&–%¶£Fö¦sÓÒ"ÀÐ¢&FWb#¢G'VRÀÐ¢&Æ–6Vç6R#¢$Ô•B"ÀÐ¢&Væv–æW2#¢°Ð¢&æöFR#¢#ãÓãbãÃÓãrãÇÂãÓãrã2 Ð¢ÐÐ¢ÒÀÐ¢&æöFUöÖöGVÆW2÷GVææVÂÖvVçB#¢°Ð¢'fW'6–öâ#¢#ãbã"ÀÐ¢'&W6öÇfVB#¢&‡GG3¢ò÷&Vv—7G'’æçÖÖ—'&÷"æ6öÒ÷GVææVÂÖvVçBòÒ÷GVææVÂÖvVçBÓãbãçFw¢"ÀÐ¢&–çFVw&—G’#¢'6†S"ÔÖ6äæ•cÃ…%–U“‡D&tWVöD43ÔÅVF%4â´5”$Ãv´§4¤ä–äõ…V¤DDWvF³d×scfDÄÇ'#Tä„µ¦„Ôõ7%#$å§U·sÓÒ"ÀÐ¢&FWb#¢G'VRÀÐ¢&Æ–6Vç6R#¢$6†RÓ"ã"ÀÐ¢&÷F–öæÂ#¢G'VRÀÐ¢&FWVæFVæ6–W2#¢°Ð¢'6fRÖ'VffW"#¢%ãRãã Ð¢ÒÀÐ¢&Væv–æW2#¢°Ð¢&æöFR#¢"¢ Ð¢ÐÐ¢ÒÀÐ¢&æöFUöÖöGVÆW2÷G—RÖfW7B#¢°Ð¢'fW'6–öâ#¢#BãCã"ÀÐ¢'&W6öÇfVB#¢&‡GG3¢ò÷&Vv—7G'’æçÖÖ—'&÷"æ6öÒ÷G—RÖfW7BòÒ÷G—RÖfW7BÓBãCãçFw¢"ÀÐ¢&–çFVw&—G’#¢'6†S"ÕFUE5dƒU”‡ggt%&6äÄD4&äDô…u—St—dv$…Cdã„÷–Ö7#•¤v¦3uGF•u¥E–sä6u—wfå•tVµd6…#–&¦gtÓÒ"ÀÐ¢&FWb#¢G'VRÀÐ¢&Æ–6Vç6R#¢"„Ô•Bõ"43Óã’"ÀÐ¢&Væv–æW2#¢°Ð¢&æöFR#¢#ãÓb Ð¢ÒÀÐ¢&gVæF–ær#¢°Ð¢'W&Â#¢&‡GG3¢òöv—F‡V"æ6öÒ÷7öç6÷'2÷6–æG&W6÷&‡W2 Ð¢ÐÐ¢ÒÀÐ¢&æöFUöÖöGVÆW2÷G—VB×&W7BÖ6Æ–VçB#¢°Ð¢'fW'6–öâ#¢#ã‚ã"ÀÐ¢'&W6öÇfVB#¢&‡GG3¢ò÷&Vv—7G'’æçÖÖ—'&÷"æ6öÒ÷G—VB×&W7BÖ6Æ–VçBòÒ÷G—VB×&W7BÖ6Æ–VçBÓã‚ãçFw¢"ÀÐ¢&–çFVw&—G’#¢'6†S"ÓUWfd×CöVÆÕU&&&fç·$…væs&4SGõµT…$Ãe¶Æ·‡4Ós3"ô„Ã–gg'T³fö¥Wƒ„TR´„cE•cdGGT4ÓÒ"ÀÐ¢&FWb#¢G'VRÀÐ¢&Æ–6Vç6R#¢$Ô•B"ÀÐ¢&FWVæFVæ6–W2#¢°Ð¢'2#¢%ãbã’ã"ÀÐ¢'GVææVÂ#¢#ããb"ÀÐ¢'VæFW'66÷&R#¢%ãã"ã Ð¢ÐÐ¢ÒÀÐ¢&æöFUöÖöGVÆW2÷G—W67&—B#¢°Ð¢'fW'6–öâ#¢#Rã’ã2"ÀÐ¢'&W6öÇfVB#¢&‡GG3¢ò÷&Vv—7G'’æçÖÖ—'&÷"æ6öÒ÷G—W67&—BòÒ÷G—W67&—BÓRã’ã2çFw¢"ÀÐ¢&–çFVw&—G’#¢'6†S"Ö¦Ãe§¥F–äÇ#–UWC4¢÷CucdftäWs•§d%G—7£”¶eDCCe$3%“GdµF–WeCF%†Æ#$†„Ç‡wFÓdÓUFu7sÓÒ"ÀÐ¢&FWb#¢G'VRÀÐ¢&Æ–6Vç6R#¢$6†RÓ"ã"ÀÐ¢&&–â#¢°Ð¢'G62#¢&&–â÷G62"ÀÐ¢'G76W'fW"#¢&&–â÷G76W'fW" Ð¢ÒÀÐ¢&Væv–æW2#¢°Ð¢&æöFR#¢#ãÓBãr Ð¢ÐÐ¢ÒÀÐ¢&æöFUöÖöGVÆW2÷V2æÖ–7&ò#¢°Ð¢'fW'6–öâ#¢#"ãã"ÀÐ¢'&W6öÇfVB#¢&‡GG3¢ò÷&Vv—7G'’æçÖÖ—'&÷"æ6öÒ÷V2æÖ–7&òòÒ÷V2æÖ–7&òÓ"ããçFw¢"ÀÐ¢&–çFVw&—G’#¢'6†S"Ô$D¦×†ÖGeV³dvÇsw“”E&$f´´$‡u„Æ“&Ç6ƒe×¢ô¶—4dô'4&ÇV÷¦„FÇEvÖçc—Rö4ce'Cƒw¦å%Eb·—ôÓÒ"ÀÐ¢&Æ–6Vç6R#¢$Ô•B Ð¢ÒÀÐ¢&æöFUöÖöGVÆW2÷VæFW'66÷&R#¢°Ð¢'fW'6–öâ#¢#ã2ã‚"ÀÐ¢'&W6öÇfVB#¢&‡GG3¢ò÷&Vv—7G'’æçÖÖ—'&÷"æ6öÒ÷VæFW'66÷&RòÒ÷VæFW'66÷&RÓã2ã‚çFw¢"ÀÐ¢&–çFVw&—G’#¢'6†S"ÔE‡DC5§DU¦3tÓ†ÓF5†÷G”…"´d3„3cF4%•“Wg¦W†e—'”äæäF3%sF„¶s7&EWõ–3¦·6Uƒ¶å¥†¥E†çeÓÒ"ÀÐ¢&FWb#¢G'VRÀÐ¢&Æ–6Vç6R#¢$Ô•B Ð¢ÒÀÐ¢&æöFUöÖöGVÆW2÷VæF–6’#¢°Ð¢'fW'6–öâ#¢#rã#’ã"ÀÐ¢'&W6öÇfVB#¢&‡GG3¢ò÷&Vv—7G'’æçÖÖ—'&÷"æ6öÒ÷VæF–6’òÒ÷VæF–6’Órã#’ãçFw¢"ÀÐ¢&–çFVw&—G’#¢'6†S"Ô”G†fÆTÆÖÖ%76¶eu5TF”ãæfã'$GWfäÔ÷#T5u#“&”–fö¤VB·VÄôUStÅ#—%v×7&UW–cVÇw–ò³ttäågsÓÒ"ÀÐ¢&FWb#¢G'VRÀÐ¢&Æ–6Vç6R#¢$Ô•B"ÀÐ¢&Væv–æW2#¢°Ð¢&æöFR#¢#ãÓ#ã‚ã Ð¢ÐÐ¢ÒÀÐ¢&æöFUöÖöGVÆW2÷VæF–6’×G—W2#¢°Ð¢'fW'6–öâ#¢#rã‚ã""ÀÐ¢'&W6öÇfVB#¢&‡GG3¢ò÷&Vv—7G'’æçÖÖ—'&÷"æ6öÒ÷VæF–6’×G—W2òÒ÷VæF–6’×G—W2Órã‚ã"çFw¢"ÀÐ¢&–çFVw&—G’#¢'6†S"Ô7T7¦fdt„§–%6'&×#VT‡#ƒ×t¥S6¶§sdÒ·W%wd5†”æTã•4ôwu4¦ã†¦#†Ó5£f—¥fv¶æã#eD4T%$Å’÷sÓÒ"ÀÐ¢&FWb#¢G'VRÀÐ¢&Æ–6Vç6R#¢$Ô•B Ð¢ÒÀÐ¢&æöFUöÖöGVÆW2÷Væ–6÷&âÖÖv–2#¢°Ð¢'fW'6–öâ#¢#ã2ã"ÀÐ¢'&W6öÇfVB#¢&‡GG3¢ò÷&Vv—7G'’æçÖÖ—'&÷"æ6öÒ÷Væ–6÷&âÖÖv–2òÒ÷Væ–6÷&âÖÖv–2Óã2ãçFw¢"ÀÐ¢&–çFVw&—G’#¢'6†S"Òµ$%„$7f–f3Sfg6'W…¥e6–37w35uv‡3S†wd§&4÷Tãƒ4„uD7w£6õ3W‡¥S”ÇF…$äS•g$¤4d4ÅVt†VTfædÓÒ"ÀÐ¢&FWb#¢G'VRÀÐ¢&Æ–6Vç6R#¢$Ô•B"ÀÐ¢&Væv–æW2#¢°Ð¢&æöFR#¢#ãÓ‚ Ð¢ÒÀÐ¢&gVæF–ær#¢°Ð¢'W&Â#¢&‡GG3¢òöv—F‡V"æ6öÒ÷7öç6÷'2÷6–æG&W6÷&‡W2 Ð¢ÐÐ¢ÒÀÐ¢&æöFUöÖöGVÆW2÷Væ—fW'6Æ–g’#¢°Ð¢'fW'6–öâ#¢#"ãã"ÀÐ¢'&W6öÇfVB#¢&‡GG3¢ò÷&Vv—7G'’æçÖÖ—'&÷"æ6öÒ÷Væ—fW'6Æ–g’òÒ÷Væ—fW'6Æ–g’Ó"ããçFw¢"ÀÐ¢&–çFVw&—G’#¢'6†S"ÖwD„åv„”ææ2÷eDt–³4ôdtdå‡st¥g&Å%WD6öä¥&ÇfsdGUƒtóT¦V¶ó—5w$Ô&†‚µ5”£võ„”öæbõT¶öw–—sÓÒ"ÀÐ¢&FWb#¢G'VRÀÐ¢&Æ–6Vç6R#¢$Ô•B"ÀÐ¢&Væv–æW2#¢°Ð¢&æöFR#¢#ãÒãã Ð¢ÐÐ¢ÒÀÐ¢&æöFUöÖöGVÆW2÷W&ÂÖ¦ö–â#¢°Ð¢'fW'6–öâ#¢#Bãã"ÀÐ¢'&W6öÇfVB#¢&‡GG3¢ò÷&Vv—7G'’æçÖÖ—'&÷"æ6öÒ÷W&ÂÖ¦ö–âòÒ÷W&ÂÖ¦ö–âÓBããçFw¢"ÀÐ¢&–çFVw&—G’#¢'6†S"Ö¦³µe¤§”ö—TT“”Uuf§Röä#%sCcf¶$ÄU¦Æ¤‡t¶TÖvC•w$VtTw†¥DC"µDæ&&#3w%G–„Vg$5†gTµ†äÓÒ"ÀÐ¢&FWb#¢G'VRÀÐ¢&Æ–6Vç6R#¢$Ô•B Ð¢ÒÀÐ¢&æöFUöÖöGVÆW2÷WF–ÂÖFW&V6FR#¢°Ð¢'fW'6–öâ#¢#ãã""ÀÐ¢'&W6öÇfVB#¢&‡GG3¢ò÷&Vv—7G'’æçÖÖ—'&÷"æ6öÒ÷WF–ÂÖFW&V6FRòÒ÷WF–ÂÖFW&V6FRÓãã"çFw¢"ÀÐ¢&–çFVw&—G’#¢'6†S"ÔUCWU‡”g„§7$Æä63ä†ç6tödE¤&ö4–”“%F44ud4£T¤DÖt7¤–µ„ç5U–dCF²òôÅDU‡†”–'$‡F7sÓÒ"ÀÐ¢&FWb#¢G'VRÀÐ¢&Æ–6Vç6R#¢$Ô•B Ð¢ÒÀÐ¢&æöFUöÖöGVÆW2÷fÆ–FFRÖçÒ×6¶vRÖÆ–6Vç6R#¢°Ð¢'fW'6–öâ#¢#2ããB"ÀÐ¢'&W6öÇfVB#¢&‡GG3¢ò÷&Vv—7G'’æçÖÖ—'&÷"æ6öÒ÷fÆ–FFRÖçÒ×6¶vRÖÆ–6Vç6RòÒ÷fÆ–FFRÖçÒ×6¶vRÖÆ–6Vç6RÓ2ããBçFw¢"ÀÐ¢&–çFVw&—G’#¢'6†S"ÔG¶Ó%V’÷„ãrô…´7G§†õ%t&…£•£·G–ts…„6tå…¦ÄFç‡UÕv†£Scf£†dãD7S2ô¦Ö&‡4Fóvf4§G3–ƒ#tWsÓÒ"ÀÐ¢&FWb#¢G'VRÀÐ¢&Æ–6Vç6R#¢$6†RÓ"ã"ÀÐ¢&FWVæFVæ6–W2#¢°Ð¢'7G‚Ö6÷'&V7B#¢%ã2ãã"ÀÐ¢'7G‚ÖW‡&W76–öâ×'6R#¢%ã2ãã Ð¢ÐÐ¢ÒÀÐ¢&æöFUöÖöGVÆW2÷fW'6–öâ×&ævR#¢°Ð¢'fW'6–öâ#¢#BãRã"ÀÐ¢'&W6öÇfVB#¢&‡GG3¢ò÷&Vv—7G'’æçÖÖ—'&÷"æ6öÒ÷fW'6–öâ×&ævRòÒ÷fW'6–öâ×&ævRÓBãRãçFw¢"ÀÐ¢&–çFVw&—G’#¢'6†S"Ô6³T¦$w„‡w&·¤dó“cgCBóUµ'W¦‚²ô“'†„ÆuT´·tVâ´6C„çtÓcÔS4%¦sVu”ôFõ…sTg5f%¦¥&ÇfG&sÓÒ"ÀÐ¢&FWb#¢G'VRÀÐ¢&Æ–6Vç6R#¢$'F—7F–2Ó"ã"ÀÐ¢&Væv–æW2#¢°Ð¢&æöFR#¢#ãÓB Ð¢ÒÀÐ¢&gVæF–ær#¢°Ð¢'W&Â#¢&‡GG3¢òö&Wg'’æÖRögVæB Ð¢ÐÐ¢ÒÀÐ¢&æöFUöÖöGVÆW2÷v†GvrÖVæ6öF–ær#¢°Ð¢'fW'6–öâ#¢#2ãã"ÀÐ¢'&W6öÇfVB#¢&‡GG3¢ò÷&Vv—7G'’æçÖÖ—'&÷"æ6öÒ÷v†GvrÖVæ6öF–æròÒ÷v†GvrÖVæ6öF–ærÓ2ããçFw¢"ÀÐ¢&–çFVw&—G’#¢'6†S"ÓgãF„¦D×ve”'DS5”%ED††öWUW$D%¦Ö%…t4ÅbôÖTVå#W£†C…T·VC%$´fõ¶Ô"¶†Æ“E¥6ç–“ƒG‡£eÓÒ"ÀÐ¢&FW&V6FVB#¢%W6RW†öGW2ö'—FW2–ç7FVBf÷"Ö÷&R7V2Ö6öæf÷&ÖçBæBf7FW"–×ÆVÖVçFF–öâ"ÀÐ¢&FWb#¢G'VRÀÐ¢&Æ–6Vç6R#¢$Ô•B"ÀÐ¢&FWVæFVæ6–W2#¢°Ð¢&–6öçbÖÆ—FR#¢#ãbã2 Ð¢ÒÀÐ¢&Væv–æW2#¢°Ð¢&æöFR#¢#ãÓ‚ Ð¢ÐÐ¢ÒÀÐ¢&æöFUöÖöGVÆW2÷v†GvrÖÖ–ÖWG—R#¢°Ð¢'fW'6–öâ#¢#Bãã"ÀÐ¢'&W6öÇfVB#¢&‡GG3¢ò÷&Vv—7G'’æçÖÖ—'&÷"æ6öÒ÷v†GvrÖÖ–ÖWG—RòÒ÷v†GvrÖÖ–ÖWG—RÓBããçFw¢"ÀÐ¢&–çFVw&—G’#¢'6†S"Õ·†ƒTä–“&ÔS—'dVG¦ftô´„66££SdTT„uõg‡‡#’ö—7¤ÅUUcwcƒ—ƒ”óõB´æÅDÓUsv¥sb¶7£Dg•fsÓÒ"ÀÐ¢&FWb#¢G'VRÀÐ¢&Æ–6Vç6R#¢$Ô•B"ÀÐ¢&Væv–æW2#¢°Ð¢&æöFR#¢#ãÓ‚ Ð¢ÐÐ¢ÒÀÐ¢&æöFUöÖöGVÆW2÷w&’#¢°Ð¢'fW'6–öâ#¢#ãã""ÀÐ¢'&W6öÇfVB#¢&‡GG3¢ò÷&Vv—7G'’æçÖÖ—'&÷"æ6öÒ÷w&’òÒ÷w&’Óãã"çFw¢"ÀÐ¢&–çFVw&—G’#¢'6†S"ÖÃE7ôE'6V÷#—tÃdWec"µGUãc6DÖµ¥¢÷7•†¶v…DV%c”¶Å3…W5£7Srô•óGw‡F4d#F&w&5#57fW¥5ÓÒ"ÀÐ¢&FWb#¢G'VRÀÐ¢&Æ–6Vç6R#¢$•42"ÀÐ¢&÷F–öæÂ#¢G'VPÐ¢ÒÀÐ¢&æöFUöÖöGVÆW2÷w6Â×WF–Ç2#¢°Ð¢'fW'6–öâ#¢#ãã"ÀÐ¢'&W6öÇfVB#¢&‡GG3¢ò÷&Vv—7G'’æçÖÖ—'&÷"æ6öÒ÷w6Â×WF–Ç2òÒ÷w6Â×WF–Ç2ÓããçFw¢"ÀÐ¢&–çFVw&—G’#¢'6†S"Öƒ4f&—6&ä´u„7Óƒ”†³36Ä$Ç6æt'f7E÷%4õr÷T—3deFSG”ä´d§'¥g3—gvG5FSs5tc5cFÄ—6³Dv7sÓÒ"ÀÐ¢&FWb#¢G'VRÀÐ¢&Æ–6Vç6R#¢$Ô•B"ÀÐ¢&FWVæFVæ6–W2#¢°Ð¢&—2×w6Â#¢%ã2ãã Ð¢ÒÀÐ¢&Væv–æW2#¢°Ð¢&æöFR#¢#ãÓ‚ Ð¢ÒÀÐ¢&gVæF–ær#¢°Ð¢'W&Â#¢&‡GG3¢òöv—F‡V"æ6öÒ÷7öç6÷'2÷6–æG&W6÷&‡W2 Ð¢ÐÐ¢ÒÀÐ¢&æöFUöÖöGVÆW2÷†ÖÃ&§2#¢°Ð¢'fW'6–öâ#¢#ãRã"ÀÐ¢'&W6öÇfVB#¢&‡GG3¢ò÷&Vv—7G'’æçÖÖ—'&÷"æ6öÒ÷†ÖÃ&§2òÒ÷†ÖÃ&§2ÓãRãçFw¢"ÀÐ¢&–çFVw&—G’#¢'6†S"ÖG%fæµ¦–²ôò·U·6w##&×Td‡¶F%3ƒ3V”%T3s4Ã$cUv¶&ô•&Cc6’ó%–sd“§¦–ed´ƒ$åD²¶6fvÆ´”ÓÒ"ÀÐ¢&FWb#¢G'VRÀÐ¢&Æ–6Vç6R#¢$Ô•B"ÀÐ¢&FWVæFVæ6–W2#¢°Ð¢'6‚#¢#ãÓãbã"ÀÐ¢'†ÖÆ'V–ÆFW"#¢'ããã Ð¢ÒÀÐ¢&Væv–æW2#¢°Ð¢&æöFR#¢#ãÓBãã Ð¢ÐÐ¢ÒÀÐ¢&æöFUöÖöGVÆW2÷†ÖÆ'V–ÆFW"#¢°Ð¢'fW'6–öâ#¢#ãã"ÀÐ¢'&W6öÇfVB#¢&‡GG3¢ò÷&Vv—7G'’æçÖÖ—'&÷"æ6öÒ÷†ÖÆ'V–ÆFW"òÒ÷†ÖÆ'V–ÆFW"ÓããçFw¢"ÀÐ¢&–çFVw&—G’#¢'6†S"ÖdFÇ4’ö´dWƒvtÇf&V63öö„ÄsSgVu‡'”‡¤ÕGUs—e6t£…•t¶æ‡5Wƒvö–S4s“‚·#SfE•T#F¶‡CC%#4§dÓÒ"ÀÐ¢&FWb#¢G'VRÀÐ¢&Æ–6Vç6R#¢$Ô•B"ÀÐ¢&Væv–æW2#¢°Ð¢&æöFR#¢#ãÓBã Ð¢ÐÐ¢ÒÀÐ¢&æöFUöÖöGVÆW2÷–ÆÆ—7B#¢°Ð¢'fW'6–öâ#¢#Bãã"ÀÐ¢'&W6öÇfVB#¢&‡GG3¢ò÷&Vv—7G'’æçÖÖ—'&÷"æ6öÒ÷–ÆÆ—7BòÒ÷–ÆÆ—7BÓBããçFw¢"ÀÐ¢&–çFVw&—G’#¢'6†S"Ó7vDv–E§—U#ƒE„ÄU3UGõ5$7v¥„Ä•tÖ‡VÓ&µ&7bóC6ã&VÕG–5sGU¥„ÆV§t·fsdW7f&FÅdÂ´e”V7CtÓÒ"ÀÐ¢&FWb#¢G'VRÀÐ¢&Æ–6Vç6R#¢$•42 Ð¢ÒÀÐ¢&æöFUöÖöGVÆW2÷–W¦Â#¢°Ð¢'fW'6–öâ#¢#2ãBã"ÀÐ¢'&W6öÇfVB#¢&‡GG3¢ò÷&Vv—7G'’æçÖÖ—'&÷"æ6öÒ÷–W¦ÂòÒ÷–W¦ÂÓ2ãBãçFw¢"ÀÐ¢&–çFVw&—G’#¢'6†S"Ö¤”ƒ—”Å#—w#tõ3G'fòöró%Vu¤ƒWUf&¦u&Æ–”c%—dõ§–&¶ä·4b·ƒ”–‡Cóg7vä#“7$4”6Dõ¤fV4§TGsÓÒ"ÀÐ¢&FWb#¢G'VRÀÐ¢&Æ–6Vç6R#¢$Ô•B"ÀÐ¢&FWVæFVæ6–W2#¢°Ð¢'VæB#¢'ãã"ã Ð¢ÒÀÐ¢&Væv–æW2#¢°Ð¢&æöFR#¢#ãÓ" Ð¢ÐÐ¢ÒÀÐ¢&æöFUöÖöGVÆW2÷–¦Â#¢°Ð¢'fW'6–öâ#¢#"ãRã"ÀÐ¢'&W6öÇfVB#¢&‡GG3¢ò÷&Vv—7G'’æçÖÖ—'&÷"æ6öÒ÷–¦ÂòÒ÷–¦ÂÓ"ãRãçFw¢"ÀÐ¢&–çFVw&—G’#¢'6†S"×„Tæ“%Æ”†ä†#e%f÷B¶D¦æ£†÷6£w6evÂ·¦ä–¤$FÆäÔ“%5¤4¥£3d%Ddö†cWDDT“‡ƒWg%4ô$ãWg'sÓÒ"ÀÐ¢&FWb#¢G'VRÀÐ¢&Æ–6Vç6R#¢$Ô•B"ÀÐ¢&FWVæFVæ6–W2#¢°Ð¢&'VffW"Ö7&33"#¢'ãã"ã2 Ð¢ÐÐ¢ÐÐ¢ÐÐ§ÐÐ